
Microsoft Visual Studio Solution File, Format Version 12.00
# Visual Studio Version 17
VisualStudioVersion = 17.5.33516.290
MinimumVisualStudioVersion = 10.0.40219.1
Project("{F184B08F-C81C-45F6-A57F-5ABD9991F28F}") = "ChickenClientInstaller", "ChickenClientInstaller\ChickenClientInstaller.vbproj", "{9AA72731-31DE-489A-B2A9-6918CDB5F38F}"
EndProject
Global
	GlobalSection(SolutionConfigurationPlatforms) = preSolution
		Debug|Any CPU = Debug|Any CPU
		Release|Any CPU = Release|Any CPU
	EndGlobalSection
	GlobalSection(ProjectConfigurationPlatforms) = postSolution
		{9AA72731-31DE-489A-B2A9-6918CDB5F38F}.Debug|Any CPU.ActiveCfg = Debug|Any CPU
		{9AA72731-31DE-489A-B2A9-6918CDB5F38F}.Debug|Any CPU.Build.0 = Debug|Any CPU
		{9AA72731-31DE-489A-B2A9-6918CDB5F38F}.Release|Any CPU.ActiveCfg = Release|Any CPU
		{9AA72731-31DE-489A-B2A9-6918CDB5F38F}.Release|Any CPU.Build.0 = Release|Any CPU
	EndGlobalSection
	GlobalSection(SolutionProperties) = preSolution
		HideSolutionNode = FALSE
	EndGlobalSection
	GlobalSection(ExtensibilityGlobals) = postSolution
		SolutionGuid = {B0172D13-9F0B-48E3-9D4A-DCFDB9F21F68}
	EndGlobalSection
EndGlobal
